
Microsoft Visual Studio Solution File, Format Version 12.00
# Visual Studio Version 16
VisualStudioVersion = 16.0.30611.23
MinimumVisualStudioVersion = 10.0.40219.1
Project("{FAE04EC0-301F-11D3-BF4B-00C04F79EFBC}") = "ClientCFC-P4-116-Form", "ClientCFC-P4-116-Form.csproj", "{A2EFB553-869B-4FF8-8FF7-C26B5DF01791}"
EndProject
Global
	GlobalSection(SolutionConfigurationPlatforms) = preSolution
		Debug|Any CPU = Debug|Any CPU
		Release|Any CPU = Release|Any CPU
	EndGlobalSection
	GlobalSection(ProjectConfigurationPlatforms) = postSolution
		{A2EFB553-869B-4FF8-8FF7-C26B5DF01791}.Debug|Any CPU.ActiveCfg = Debug|Any CPU
		{A2EFB553-869B-4FF8-8FF7-C26B5DF01791}.Debug|Any CPU.Build.0 = Debug|Any CPU
		{A2EFB553-869B-4FF8-8FF7-C26B5DF01791}.Release|Any CPU.ActiveCfg = Release|Any CPU
		{A2EFB553-869B-4FF8-8FF7-C26B5DF01791}.Release|Any CPU.Build.0 = Release|Any CPU
	EndGlobalSection
	GlobalSection(SolutionProperties) = preSolution
		HideSolutionNode = FALSE
	EndGlobalSection
	GlobalSection(ExtensibilityGlobals) = postSolution
		SolutionGuid = {6985A04A-FE76-45C4-BAF0-2BC2F448AA95}
	EndGlobalSection
EndGlobal
